{
    "_readme": [
        "This file locks the dependencies of your project to a known state",
        "Read more about it at https://getcomposer.org/doc/01-basic-usage.md#installing-dependencies",
        "This file is @generated automatically"
    ],
    "content-hash": "0a32ed833eb9bf7000cd4c6302ca6368",
    "packages": [
        {
            "name": "geoip2/geoip2",
            "version": "v3.3.0",
            "source": {
                "type": "git",
                "url": "https://github.com/maxmind/GeoIP2-php.git",
                "reference": "49fceddd694295e76e970a32848e03bb19e56b42"
            },
            "dist": {
                "type": "zip",
                "url": "https://api.github.com/repos/maxmind/GeoIP2-php/zipball/49fceddd694295e76e970a32848e03bb19e56b42",
                "reference": "49fceddd694295e76e970a32848e03bb19e56b42",
                "shasum": ""
            },
            "require": {
                "ext-json": "*",
                "maxmind-db/reader": "^1.13.0",
                "maxmind/web-service-common": "~0.11",
                "php": ">=8.1"
            },
            "require-dev": {
                "friendsofphp/php-cs-fixer": "3.*",
                "phpstan/phpstan": "*",
                "phpunit/phpunit": "^10.0",
                "squizlabs/php_codesniffer": "4.*"
            },
            "type": "library",
            "autoload": {
                "psr-4": {
                    "GeoIp2\\": "src"
                }
            },
            "notification-url": "https://packagist.org/downloads/",
            "license": [
                "Apache-2.0"
            ],
            "authors": [
                {
                    "name": "Gregory J. Oschwald",
                    "email": "goschwald@maxmind.com",
                    "homepage": "https://www.maxmind.com/"
                }
            ],
            "description": "MaxMind GeoIP2 PHP API",
            "homepage": "https://github.com/maxmind/GeoIP2-php",
            "keywords": [
                "IP",
                "geoip",
                "geoip2",
                "geolocation",
                "maxmind"
            ],
            "support": {
                "issues": "https://github.com/maxmind/GeoIP2-php/issues",
                "source": "https://github.com/maxmind/GeoIP2-php/tree/v3.3.0"
            },
            "time": "2025-11-20T18:50:15+00:00"
        },
        {
            "name": "maxmind-db/reader",
            "version": "v1.13.1",
            "source": {
                "type": "git",
                "url": "https://github.com/maxmind/MaxMind-DB-Reader-php.git",
                "reference": "2194f58d0f024ce923e685cdf92af3daf9951908"
            },
            "dist": {
                "type": "zip",
                "url": "https://api.github.com/repos/maxmind/MaxMind-DB-Reader-php/zipball/2194f58d0f024ce923e685cdf92af3daf9951908",
                "reference": "2194f58d0f024ce923e685cdf92af3daf9951908",
                "shasum": ""
            },
            "require": {
                "php": ">=7.2"
            },
            "conflict": {
                "ext-maxminddb": "<1.11.1 || >=2.0.0"
            },
            "require-dev": {
                "friendsofphp/php-cs-fixer": "3.*",
                "phpstan/phpstan": "*",
                "phpunit/phpunit": ">=8.0.0,<10.0.0",
                "squizlabs/php_codesniffer": "4.*"
            },
            "suggest": {
                "ext-bcmath": "bcmath or gmp is required for decoding larger integers with the pure PHP decoder",
                "ext-gmp": "bcmath or gmp is required for decoding larger integers with the pure PHP decoder",
                "ext-maxminddb": "A C-based database decoder that provides significantly faster lookups",
                "maxmind-db/reader-ext": "C extension for significantly faster IP lookups (install via PIE: pie install maxmind-db/reader-ext)"
            },
            "type": "library",
            "autoload": {
                "psr-4": {
                    "MaxMind\\Db\\": "src/MaxMind/Db"
                }
            },
            "notification-url": "https://packagist.org/downloads/",
            "license": [
                "Apache-2.0"
            ],
            "authors": [
                {
                    "name": "Gregory J. Oschwald",
                    "email": "goschwald@maxmind.com",
                    "homepage": "https://www.maxmind.com/"
                }
            ],
            "description": "MaxMind DB Reader API",
            "homepage": "https://github.com/maxmind/MaxMind-DB-Reader-php",
            "keywords": [
                "database",
                "geoip",
                "geoip2",
                "geolocation",
                "maxmind"
            ],
            "support": {
                "issues": "https://github.com/maxmind/MaxMind-DB-Reader-php/issues",
                "source": "https://github.com/maxmind/MaxMind-DB-Reader-php/tree/v1.13.1"
            },
            "time": "2025-11-21T22:24:26+00:00"
        },
        {
            "name": "maxmind/web-service-common",
            "version": "v0.11.1",
            "source": {
                "type": "git",
                "url": "https://github.com/maxmind/web-service-common-php.git",
                "reference": "c309236b5a5555b96cf560089ec3cead12d845d2"
            },
            "dist": {
                "type": "zip",
                "url": "https://api.github.com/repos/maxmind/web-service-common-php/zipball/c309236b5a5555b96cf560089ec3cead12d845d2",
                "reference": "c309236b5a5555b96cf560089ec3cead12d845d2",
                "shasum": ""
            },
            "require": {
                "composer/ca-bundle": "^1.0.3",
                "ext-curl": "*",
                "ext-json": "*",
                "php": ">=8.1"
            },
            "require-dev": {
                "friendsofphp/php-cs-fixer": "3.*",
                "phpstan/phpstan": "*",
                "phpunit/phpunit": "^10.0",
                "squizlabs/php_codesniffer": "4.*"
            },
            "type": "library",
            "autoload": {
                "psr-4": {
                    "MaxMind\\Exception\\": "src/Exception",
                    "MaxMind\\WebService\\": "src/WebService"
                }
            },
            "notification-url": "https://packagist.org/downloads/",
            "license": [
                "Apache-2.0"
            ],
            "authors": [
                {
                    "name": "Gregory Oschwald",
                    "email": "goschwald@maxmind.com"
                }
            ],
            "description": "Internal MaxMind Web Service API",
            "homepage": "https://github.com/maxmind/web-service-common-php",
            "support": {
                "issues": "https://github.com/maxmind/web-service-common-php/issues",
                "source": "https://github.com/maxmind/web-service-common-php/tree/v0.11.1"
            },
            "time": "2026-01-13T17:56:03+00:00"
        },
        {
            "name": "rhymix/composer-stub",
            "version": "dev-master",
            "source": {
                "type": "git",
                "url": "https://github.com/rhymix/composer-stub.git",
                "reference": "c7d4fcec98e99d9e5213c5fc96d35d406e6d0848"
            },
            "dist": {
                "type": "zip",
                "url": "https://api.github.com/repos/rhymix/composer-stub/zipball/c7d4fcec98e99d9e5213c5fc96d35d406e6d0848",
                "reference": "c7d4fcec98e99d9e5213c5fc96d35d406e6d0848",
                "shasum": ""
            },
            "replace": {
                "bordoni/phpass": "0.3.6",
                "composer/ca-bundle": "*",
                "coolsms/php-sdk": "2.*",
                "doctrine/lexer": "1.*",
                "egulias/email-validator": "3.2.*",
                "enshrined/svg-sanitize": "0.*",
                "ezyang/htmlpurifier": "4.18.*",
                "firebase/php-jwt": "6.4.0",
                "google/auth": "1.26.*",
                "guzzlehttp/guzzle": "7.9.*",
                "guzzlehttp/psr7": "2.7.*",
                "jbbcode/jbbcode": "1.4.*",
                "leafo/lessphp": "dev-master",
                "league/html-to-markdown": "5.1.*",
                "matthiasmullie/minify": "1.3.*",
                "matthiasmullie/path-converter": "1.1.*",
                "michelf/php-markdown": "1.9.*",
                "michelf/php-smartypants": "1.8.*",
                "psr/cache": "1.0.1",
                "rmccue/requests": "1.8.*",
                "scssphp/scssphp": "1.13.*",
                "swiftmailer/swiftmailer": "6.3.0",
                "symfony/deprecation-contracts": "2.5.*",
                "true/punycode": "2.*"
            },
            "default-branch": true,
            "type": "library",
            "notification-url": "https://packagist.org/downloads/",
            "license": [
                "GPL-2.0-or-later"
            ],
            "authors": [
                {
                    "name": "Rhymix Developers and Contributors",
                    "email": "devops@rhymix.org"
                }
            ],
            "description": "Composer Stub for Rhymix Third-Party Programs",
            "homepage": "https://www.rhymix.org",
            "support": {
                "issues": "https://github.com/rhymix/composer-stub/issues",
                "source": "https://github.com/rhymix/composer-stub/tree/master"
            },
            "time": "2025-03-05T11:39:41+00:00"
        },
        {
            "name": "thiagoalessio/tesseract_ocr",
            "version": "2.13.0",
            "source": {
                "type": "git",
                "url": "https://github.com/thiagoalessio/tesseract-ocr-for-php.git",
                "reference": "232a8cb9d571992f9bd1e263f2f6909cf6c173a1"
            },
            "dist": {
                "type": "zip",
                "url": "https://api.github.com/repos/thiagoalessio/tesseract-ocr-for-php/zipball/232a8cb9d571992f9bd1e263f2f6909cf6c173a1",
                "reference": "232a8cb9d571992f9bd1e263f2f6909cf6c173a1",
                "shasum": ""
            },
            "require": {
                "php": "^5.3 || ^7.0 || ^8.0"
            },
            "require-dev": {
                "phpunit/php-code-coverage": "^2.2.4 || ^9.0.0"
            },
            "type": "library",
            "autoload": {
                "psr-4": {
                    "thiagoalessio\\TesseractOCR\\": "src/"
                }
            },
            "notification-url": "https://packagist.org/downloads/",
            "license": [
                "MIT"
            ],
            "authors": [
                {
                    "name": "thiagoalessio",
                    "email": "thiagoalessio@me.com"
                }
            ],
            "description": "A wrapper to work with Tesseract OCR inside PHP.",
            "keywords": [
                "OCR",
                "Tesseract",
                "text recognition"
            ],
            "support": {
                "irc": "irc://irc.freenode.net/tesseract-ocr-for-php",
                "issues": "https://github.com/thiagoalessio/tesseract-ocr-for-php/issues",
                "source": "https://github.com/thiagoalessio/tesseract-ocr-for-php"
            },
            "time": "2023-10-05T21:14:48+00:00"
        }
    ],
    "packages-dev": [],
    "aliases": [],
    "minimum-stability": "stable",
    "stability-flags": {
        "rhymix/composer-stub": 20
    },
    "prefer-stable": false,
    "prefer-lowest": false,
    "platform": {},
    "platform-dev": {},
    "plugin-api-version": "2.9.0"
}
